
Microsoft Visual Studio Solution File, Format Version 12.00
# Visual Studio Version 16
VisualStudioVersion = 16.0.31729.503
MinimumVisualStudioVersion = 10.0.40219.1
Project("{FAE04EC0-301F-11D3-BF4B-00C04F79EFBC}") = "RecipeAppFinal.UWP", "RecipeAppFinal\RecipeAppFinal.UWP\RecipeAppFinal.UWP.csproj", "{6FA6B4F0-E459-4C97-81E5-4673EFCCF01F}"
EndProject
Project("{FAE04EC0-301F-11D3-BF4B-00C04F79EFBC}") = "RecipeAppFinal.Android", "RecipeAppFinal\RecipeAppFinal.Android\RecipeAppFinal.Android.csproj", "{B6610832-9957-46B5-98D6-249511190CDA}"
EndProject
Project("{FAE04EC0-301F-11D3-BF4B-00C04F79EFBC}") = "RecipeAppFinal.iOS", "RecipeAppFinal\RecipeAppFinal.iOS\RecipeAppFinal.iOS.csproj", "{E38AD25B-73A9-43A7-B3B4-9F3743E107FD}"
EndProject
Project("{FAE04EC0-301F-11D3-BF4B-00C04F79EFBC}") = "RecipeAppFinal", "RecipeAppFinal\RecipeAppFinal\RecipeAppFinal.csproj", "{FD63C01A-4D93-4E39-AD8D-112AE16FB72E}"
EndProject
Global
	GlobalSection(SolutionConfigurationPlatforms) = preSolution
		Debug|Any CPU = Debug|Any CPU
		Debug|ARM = Debug|ARM
		Debug|iPhone = Debug|iPhone
		Debug|iPhoneSimulator = Debug|iPhoneSimulator
		Debug|x64 = Debug|x64
		Debug|x86 = Debug|x86
		Release|Any CPU = Release|Any CPU
		Release|ARM = Release|ARM
		Release|iPhone = Release|iPhone
		Release|iPhoneSimulator = Release|iPhoneSimulator
		Release|x64 = Release|x64
		Release|x86 = Release|x86
	EndGlobalSection
	GlobalSection(ProjectConfigurationPlatforms) = postSolution
		{6FA6B4F0-E459-4C97-81E5-4673EFCCF01F}.Debug|Any CPU.ActiveCfg = Debug|x86
		{6FA6B4F0-E459-4C97-81E5-4673EFCCF01F}.Debug|Any CPU.Build.0 = Debug|x86
		{6FA6B4F0-E459-4C97-81E5-4673EFCCF01F}.Debug|Any CPU.Deploy.0 = Debug|x86
		{6FA6B4F0-E459-4C97-81E5-4673EFCCF01F}.Debug|ARM.ActiveCfg = Debug|ARM
		{6FA6B4F0-E459-4C97-81E5-4673EFCCF01F}.Debug|ARM.Build.0 = Debug|ARM
		{6FA6B4F0-E459-4C97-81E5-4673EFCCF01F}.Debug|ARM.Deploy.0 = Debug|ARM
		{6FA6B4F0-E459-4C97-81E5-4673EFCCF01F}.Debug|iPhone.ActiveCfg = Debug|x86
		{6FA6B4F0-E459-4C97-81E5-4673EFCCF01F}.Debug|iPhone.Build.0 = Debug|x86
		{6FA6B4F0-E459-4C97-81E5-4673EFCCF01F}.Debug|iPhone.Deploy.0 = Debug|x86
		{6FA6B4F0-E459-4C97-81E5-4673EFCCF01F}.Debug|iPhoneSimulator.ActiveCfg = Debug|x86
		{6FA6B4F0-E459-4C97-81E5-4673EFCCF01F}.Debug|iPhoneSimulator.Build.0 = Debug|x86
		{6FA6B4F0-E459-4C97-81E5-4673EFCCF01F}.Debug|iPhoneSimulator.Deploy.0 = Debug|x86
		{6FA6B4F0-E459-4C97-81E5-4673EFCCF01F}.Debug|x64.ActiveCfg = Debug|x64
		{6FA6B4F0-E459-4C97-81E5-4673EFCCF01F}.Debug|x64.Build.0 = Debug|x64
		{6FA6B4F0-E459-4C97-81E5-4673EFCCF01F}.Debug|x64.Deploy.0 = Debug|x64
		{6FA6B4F0-E459-4C97-81E5-4673EFCCF01F}.Debug|x86.ActiveCfg = Debug|x86
		{6FA6B4F0-E459-4C97-81E5-4673EFCCF01F}.Debug|x86.Build.0 = Debug|x86
		{6FA6B4F0-E459-4C97-81E5-4673EFCCF01F}.Debug|x86.Deploy.0 = Debug|x86
		{6FA6B4F0-E459-4C97-81E5-4673EFCCF01F}.Release|Any CPU.ActiveCfg = Release|x86
		{6FA6B4F0-E459-4C97-81E5-4673EFCCF01F}.Release|Any CPU.Build.0 = Release|x86
		{6FA6B4F0-E459-4C97-81E5-4673EFCCF01F}.Release|Any CPU.Deploy.0 = Release|x86
		{6FA6B4F0-E459-4C97-81E5-4673EFCCF01F}.Release|ARM.ActiveCfg = Release|ARM
		{6FA6B4F0-E459-4C97-81E5-4673EFCCF01F}.Release|ARM.Build.0 = Release|ARM
		{6FA6B4F0-E459-4C97-81E5-4673EFCCF01F}.Release|ARM.Deploy.0 = Release|ARM
		{6FA6B4F0-E459-4C97-81E5-4673EFCCF01F}.Release|iPhone.ActiveCfg = Release|x86
		{6FA6B4F0-E459-4C97-81E5-4673EFCCF01F}.Release|iPhone.Build.0 = Release|x86
		{6FA6B4F0-E459-4C97-81E5-4673EFCCF01F}.Release|iPhone.Deploy.0 = Release|x86
		{6FA6B4F0-E459-4C97-81E5-4673EFCCF01F}.Release|iPhoneSimulator.ActiveCfg = Release|x86
		{6FA6B4F0-E459-4C97-81E5-4673EFCCF01F}.Release|iPhoneSimulator.Build.0 = Release|x86
		{6FA6B4F0-E459-4C97-81E5-4673EFCCF01F}.Release|iPhoneSimulator.Deploy.0 = Release|x86
		{6FA6B4F0-E459-4C97-81E5-4673EFCCF01F}.Release|x64.ActiveCfg = Release|x64
		{6FA6B4F0-E459-4C97-81E5-4673EFCCF01F}.Release|x64.Build.0 = Release|x64
		{6FA6B4F0-E459-4C97-81E5-4673EFCCF01F}.Release|x64.Deploy.0 = Release|x64
		{6FA6B4F0-E459-4C97-81E5-4673EFCCF01F}.Release|x86.ActiveCfg = Release|x86
		{6FA6B4F0-E459-4C97-81E5-4673EFCCF01F}.Release|x86.Build.0 = Release|x86
		{6FA6B4F0-E459-4C97-81E5-4673EFCCF01F}.Release|x86.Deploy.0 = Release|x86
		{B6610832-9957-46B5-98D6-249511190CDA}.Debug|Any CPU.ActiveCfg = Debug|Any CPU
		{B6610832-9957-46B5-98D6-249511190CDA}.Debug|Any CPU.Build.0 = Debug|Any CPU
		{B6610832-9957-46B5-98D6-249511190CDA}.Debug|Any CPU.Deploy.0 = Debug|Any CPU
		{B6610832-9957-46B5-98D6-249511190CDA}.Debug|ARM.ActiveCfg = Debug|Any CPU
		{B6610832-9957-46B5-98D6-249511190CDA}.Debug|ARM.Build.0 = Debug|Any CPU
		{B6610832-9957-46B5-98D6-249511190CDA}.Debug|ARM.Deploy.0 = Debug|Any CPU
		{B6610832-9957-46B5-98D6-249511190CDA}.Debug|iPhone.ActiveCfg = Debug|Any CPU
		{B6610832-9957-46B5-98D6-249511190CDA}.Debug|iPhone.Build.0 = Debug|Any CPU
		{B6610832-9957-46B5-98D6-249511190CDA}.Debug|iPhone.Deploy.0 = Debug|Any CPU
		{B6610832-9957-46B5-98D6-249511190CDA}.Debug|iPhoneSimulator.ActiveCfg = Debug|Any CPU
		{B6610832-9957-46B5-98D6-249511190CDA}.Debug|iPhoneSimulator.Build.0 = Debug|Any CPU
		{B6610832-9957-46B5-98D6-249511190CDA}.Debug|iPhoneSimulator.Deploy.0 = Debug|Any CPU
		{B6610832-9957-46B5-98D6-249511190CDA}.Debug|x64.ActiveCfg = Debug|Any CPU
		{B6610832-9957-46B5-98D6-249511190CDA}.Debug|x64.Build.0 = Debug|Any CPU
		{B6610832-9957-46B5-98D6-249511190CDA}.Debug|x64.Deploy.0 = Debug|Any CPU
		{B6610832-9957-46B5-98D6-249511190CDA}.Debug|x86.ActiveCfg = Debug|Any CPU
		{B6610832-9957-46B5-98D6-249511190CDA}.Debug|x86.Build.0 = Debug|Any CPU
		{B6610832-9957-46B5-98D6-249511190CDA}.Debug|x86.Deploy.0 = Debug|Any CPU
		{B6610832-9957-46B5-98D6-249511190CDA}.Release|Any CPU.ActiveCfg = Release|Any CPU
		{B6610832-9957-46B5-98D6-249511190CDA}.Release|Any CPU.Build.0 = Release|Any CPU
		{B6610832-9957-46B5-98D6-249511190CDA}.Release|Any CPU.Deploy.0 = Release|Any CPU
		{B6610832-9957-46B5-98D6-249511190CDA}.Release|ARM.ActiveCfg = Release|Any CPU
		{B6610832-9957-46B5-98D6-249511190CDA}.Release|ARM.Build.0 = Release|Any CPU
		{B6610832-9957-46B5-98D6-249511190CDA}.Release|ARM.Deploy.0 = Release|Any CPU
		{B6610832-9957-46B5-98D6-249511190CDA}.Release|iPhone.ActiveCfg = Release|Any CPU
		{B6610832-9957-46B5-98D6-249511190CDA}.Release|iPhone.Build.0 = Release|Any CPU
		{B6610832-9957-46B5-98D6-249511190CDA}.Release|iPhone.Deploy.0 = Release|Any CPU
		{B6610832-9957-46B5-98D6-249511190CDA}.Release|iPhoneSimulator.ActiveCfg = Release|Any CPU
		{B6610832-9957-46B5-98D6-249511190CDA}.Release|iPhoneSimulator.Build.0 = Release|Any CPU
		{B6610832-9957-46B5-98D6-249511190CDA}.Release|iPhoneSimulator.Deploy.0 = Release|Any CPU
		{B6610832-9957-46B5-98D6-249511190CDA}.Release|x64.ActiveCfg = Release|Any CPU
		{B6610832-9957-46B5-98D6-249511190CDA}.Release|x64.Build.0 = Release|Any CPU
		{B6610832-9957-46B5-98D6-249511190CDA}.Release|x64.Deploy.0 = Release|Any CPU
		{B6610832-9957-46B5-98D6-249511190CDA}.Release|x86.ActiveCfg = Release|Any CPU
		{B6610832-9957-46B5-98D6-249511190CDA}.Release|x86.Build.0 = Release|Any CPU
		{B6610832-9957-46B5-98D6-249511190CDA}.Release|x86.Deploy.0 = Release|Any CPU
		{E38AD25B-73A9-43A7-B3B4-9F3743E107FD}.Debug|Any CPU.ActiveCfg = Debug|iPhoneSimulator
		{E38AD25B-73A9-43A7-B3B4-9F3743E107FD}.Debug|Any CPU.Build.0 = Debug|iPhoneSimulator
		{E38AD25B-73A9-43A7-B3B4-9F3743E107FD}.Debug|Any CPU.Deploy.0 = Debug|iPhoneSimulator
		{E38AD25B-73A9-43A7-B3B4-9F3743E107FD}.Debug|ARM.ActiveCfg = Debug|iPhone
		{E38AD25B-73A9-43A7-B3B4-9F3743E107FD}.Debug|ARM.Build.0 = Debug|iPhone
		{E38AD25B-73A9-43A7-B3B4-9F3743E107FD}.Debug|ARM.Deploy.0 = Debug|iPhone
		{E38AD25B-73A9-43A7-B3B4-9F3743E107FD}.Debug|iPhone.ActiveCfg = Debug|iPhone
		{E38AD25B-73A9-43A7-B3B4-9F3743E107FD}.Debug|iPhone.Build.0 = Debug|iPhone
		{E38AD25B-73A9-43A7-B3B4-9F3743E107FD}.Debug|iPhone.Deploy.0 = Debug|iPhone
		{E38AD25B-73A9-43A7-B3B4-9F3743E107FD}.Debug|iPhoneSimulator.ActiveCfg = Debug|iPhoneSimulator
		{E38AD25B-73A9-43A7-B3B4-9F3743E107FD}.Debug|iPhoneSimulator.Build.0 = Debug|iPhoneSimulator
		{E38AD25B-73A9-43A7-B3B4-9F3743E107FD}.Debug|iPhoneSimulator.Deploy.0 = Debug|iPhoneSimulator
		{E38AD25B-73A9-43A7-B3B4-9F3743E107FD}.Debug|x64.ActiveCfg = Debug|iPhoneSimulator
		{E38AD25B-73A9-43A7-B3B4-9F3743E107FD}.Debug|x64.Build.0 = Debug|iPhoneSimulator
		{E38AD25B-73A9-43A7-B3B4-9F3743E107FD}.Debug|x64.Deploy.0 = Debug|iPhoneSimulator
		{E38AD25B-73A9-43A7-B3B4-9F3743E107FD}.Debug|x86.ActiveCfg = Debug|iPhoneSimulator
		{E38AD25B-73A9-43A7-B3B4-9F3743E107FD}.Debug|x86.Build.0 = Debug|iPhoneSimulator
		{E38AD25B-73A9-43A7-B3B4-9F3743E107FD}.Debug|x86.Deploy.0 = Debug|iPhoneSimulator
		{E38AD25B-73A9-43A7-B3B4-9F3743E107FD}.Release|Any CPU.ActiveCfg = Release|iPhoneSimulator
		{E38AD25B-73A9-43A7-B3B4-9F3743E107FD}.Release|Any CPU.Build.0 = Release|iPhoneSimulator
		{E38AD25B-73A9-43A7-B3B4-9F3743E107FD}.Release|Any CPU.Deploy.0 = Release|iPhoneSimulator
		{E38AD25B-73A9-43A7-B3B4-9F3743E107FD}.Release|ARM.ActiveCfg = Release|iPhoneSimulator
		{E38AD25B-73A9-43A7-B3B4-9F3743E107FD}.Release|ARM.Build.0 = Release|iPhoneSimulator
		{E38AD25B-73A9-43A7-B3B4-9F3743E107FD}.Release|ARM.Deploy.0 = Release|iPhoneSimulator
		{E38AD25B-73A9-43A7-B3B4-9F3743E107FD}.Release|iPhone.ActiveCfg = Release|iPhone
		{E38AD25B-73A9-43A7-B3B4-9F3743E107FD}.Release|iPhone.Build.0 = Release|iPhone
		{E38AD25B-73A9-43A7-B3B4-9F3743E107FD}.Release|iPhone.Deploy.0 = Release|iPhone
		{E38AD25B-73A9-43A7-B3B4-9F3743E107FD}.Release|iPhoneSimulator.ActiveCfg = Release|iPhoneSimulator
		{E38AD25B-73A9-43A7-B3B4-9F3743E107FD}.Release|iPhoneSimulator.Build.0 = Release|iPhoneSimulator
		{E38AD25B-73A9-43A7-B3B4-9F3743E107FD}.Release|iPhoneSimulator.Deploy.0 = Release|iPhoneSimulator
		{E38AD25B-73A9-43A7-B3B4-9F3743E107FD}.Release|x64.ActiveCfg = Release|iPhoneSimulator
		{E38AD25B-73A9-43A7-B3B4-9F3743E107FD}.Release|x64.Build.0 = Release|iPhoneSimulator
		{E38AD25B-73A9-43A7-B3B4-9F3743E107FD}.Release|x64.Deploy.0 = Release|iPhoneSimulator
		{E38AD25B-73A9-43A7-B3B4-9F3743E107FD}.Release|x86.ActiveCfg = Release|iPhoneSimulator
		{E38AD25B-73A9-43A7-B3B4-9F3743E107FD}.Release|x86.Build.0 = Release|iPhoneSimulator
		{E38AD25B-73A9-43A7-B3B4-9F3743E107FD}.Release|x86.Deploy.0 = Release|iPhoneSimulator
		{FD63C01A-4D93-4E39-AD8D-112AE16FB72E}.Debug|Any CPU.ActiveCfg = Debug|Any CPU
		{FD63C01A-4D93-4E39-AD8D-112AE16FB72E}.Debug|Any CPU.Build.0 = Debug|Any CPU
		{FD63C01A-4D93-4E39-AD8D-112AE16FB72E}.Debug|Any CPU.Deploy.0 = Debug|Any CPU
		{FD63C01A-4D93-4E39-AD8D-112AE16FB72E}.Debug|ARM.ActiveCfg = Debug|Any CPU
		{FD63C01A-4D93-4E39-AD8D-112AE16FB72E}.Debug|ARM.Build.0 = Debug|Any CPU
		{FD63C01A-4D93-4E39-AD8D-112AE16FB72E}.Debug|ARM.Deploy.0 = Debug|Any CPU
		{FD63C01A-4D93-4E39-AD8D-112AE16FB72E}.Debug|iPhone.ActiveCfg = Debug|Any CPU
		{FD63C01A-4D93-4E39-AD8D-112AE16FB72E}.Debug|iPhone.Build.0 = Debug|Any CPU
		{FD63C01A-4D93-4E39-AD8D-112AE16FB72E}.Debug|iPhone.Deploy.0 = Debug|Any CPU
		{FD63C01A-4D93-4E39-AD8D-112AE16FB72E}.Debug|iPhoneSimulator.ActiveCfg = Debug|Any CPU
		{FD63C01A-4D93-4E39-AD8D-112AE16FB72E}.Debug|iPhoneSimulator.Build.0 = Debug|Any CPU
		{FD63C01A-4D93-4E39-AD8D-112AE16FB72E}.Debug|iPhoneSimulator.Deploy.0 = Debug|Any CPU
		{FD63C01A-4D93-4E39-AD8D-112AE16FB72E}.Debug|x64.ActiveCfg = Debug|Any CPU
		{FD63C01A-4D93-4E39-AD8D-112AE16FB72E}.Debug|x64.Build.0 = Debug|Any CPU
		{FD63C01A-4D93-4E39-AD8D-112AE16FB72E}.Debug|x64.Deploy.0 = Debug|Any CPU
		{FD63C01A-4D93-4E39-AD8D-112AE16FB72E}.Debug|x86.ActiveCfg = Debug|Any CPU
		{FD63C01A-4D93-4E39-AD8D-112AE16FB72E}.Debug|x86.Build.0 = Debug|Any CPU
		{FD63C01A-4D93-4E39-AD8D-112AE16FB72E}.Debug|x86.Deploy.0 = Debug|Any CPU
		{FD63C01A-4D93-4E39-AD8D-112AE16FB72E}.Release|Any CPU.ActiveCfg = Release|Any CPU
		{FD63C01A-4D93-4E39-AD8D-112AE16FB72E}.Release|Any CPU.Build.0 = Release|Any CPU
		{FD63C01A-4D93-4E39-AD8D-112AE16FB72E}.Release|Any CPU.Deploy.0 = Release|Any CPU
		{FD63C01A-4D93-4E39-AD8D-112AE16FB72E}.Release|ARM.ActiveCfg = Release|Any CPU
		{FD63C01A-4D93-4E39-AD8D-112AE16FB72E}.Release|ARM.Build.0 = Release|Any CPU
		{FD63C01A-4D93-4E39-AD8D-112AE16FB72E}.Release|ARM.Deploy.0 = Release|Any CPU
		{FD63C01A-4D93-4E39-AD8D-112AE16FB72E}.Release|iPhone.ActiveCfg = Release|Any CPU
		{FD63C01A-4D93-4E39-AD8D-112AE16FB72E}.Release|iPhone.Build.0 = Release|Any CPU
		{FD63C01A-4D93-4E39-AD8D-112AE16FB72E}.Release|iPhone.Deploy.0 = Release|Any CPU
		{FD63C01A-4D93-4E39-AD8D-112AE16FB72E}.Release|iPhoneSimulator.ActiveCfg = Release|Any CPU
		{FD63C01A-4D93-4E39-AD8D-112AE16FB72E}.Release|iPhoneSimulator.Build.0 = Release|Any CPU
		{FD63C01A-4D93-4E39-AD8D-112AE16FB72E}.Release|iPhoneSimulator.Deploy.0 = Release|Any CPU
		{FD63C01A-4D93-4E39-AD8D-112AE16FB72E}.Release|x64.ActiveCfg = Release|Any CPU
		{FD63C01A-4D93-4E39-AD8D-112AE16FB72E}.Release|x64.Build.0 = Release|Any CPU
		{FD63C01A-4D93-4E39-AD8D-112AE16FB72E}.Release|x64.Deploy.0 = Release|Any CPU
		{FD63C01A-4D93-4E39-AD8D-112AE16FB72E}.Release|x86.ActiveCfg = Release|Any CPU
		{FD63C01A-4D93-4E39-AD8D-112AE16FB72E}.Release|x86.Build.0 = Release|Any CPU
		{FD63C01A-4D93-4E39-AD8D-112AE16FB72E}.Release|x86.Deploy.0 = Release|Any CPU
	EndGlobalSection
	GlobalSection(SolutionProperties) = preSolution
		HideSolutionNode = FALSE
	EndGlobalSection
	GlobalSection(ExtensibilityGlobals) = postSolution
		SolutionGuid = {642A046D-70E1-409B-83F5-9E84DAD3C945}
	EndGlobalSection
EndGlobal
